
Microsoft Visual Studio Solution File, Format Version 12.00
# Visual Studio Version 17
VisualStudioVersion = 17.5.002.0
MinimumVisualStudioVersion = 10.0.40219.1
Project("{2150E333-8FDC-42A3-9474-1A3956D46DE8}") = "src", "src", "{7F6A3AD7-32DA-467C-9420-4188DBBA0A81}"
EndProject
Project("{9A19103F-16F7-4668-BE54-9A1E7A4F7556}") = "Abstractions", "src\Abstractions\Abstractions.csproj", "{B7121636-A9A2-4E9D-AF7A-085C5FA67DB6}"
EndProject
Project("{9A19103F-16F7-4668-BE54-9A1E7A4F7556}") = "Generators", "src\Generators\Generators.csproj", "{BB773484-B30A-477B-8C6C-6B18DF8090DE}"
EndProject
Project("{2150E333-8FDC-42A3-9474-1A3956D46DE8}") = "tests", "tests", "{92AE7149-1B7B-4E76-949D-217BF8178C2E}"
EndProject
Project("{FAE04EC0-301F-11D3-BF4B-00C04F79EFBC}") = "Generators.Tests", "tests\Generators\Generators.Tests.csproj", "{49EFD3DA-6007-449F-AB38-2379DDA855BE}"
EndProject
Project("{FAE04EC0-301F-11D3-BF4B-00C04F79EFBC}") = "Shared", "src\Shared\Shared.csproj", "{E5C65AE1-AC7F-405D-A43D-170292F1F18D}"
EndProject
Project("{FAE04EC0-301F-11D3-BF4B-00C04F79EFBC}") = "Client", "src\Client\Client.csproj", "{39B47286-B0CB-4C55-BE4D-2FCA17A3C2AA}"
EndProject
Global
	GlobalSection(SolutionConfigurationPlatforms) = preSolution
		Debug|Any CPU = Debug|Any CPU
		Release|Any CPU = Release|Any CPU
	EndGlobalSection
	GlobalSection(ProjectConfigurationPlatforms) = postSolution
		{B7121636-A9A2-4E9D-AF7A-085C5FA67DB6}.Debug|Any CPU.ActiveCfg = Debug|Any CPU
		{B7121636-A9A2-4E9D-AF7A-085C5FA67DB6}.Debug|Any CPU.Build.0 = Debug|Any CPU
		{B7121636-A9A2-4E9D-AF7A-085C5FA67DB6}.Release|Any CPU.ActiveCfg = Release|Any CPU
		{B7121636-A9A2-4E9D-AF7A-085C5FA67DB6}.Release|Any CPU.Build.0 = Release|Any CPU
		{BB773484-B30A-477B-8C6C-6B18DF8090DE}.Debug|Any CPU.ActiveCfg = Debug|Any CPU
		{BB773484-B30A-477B-8C6C-6B18DF8090DE}.Debug|Any CPU.Build.0 = Debug|Any CPU
		{BB773484-B30A-477B-8C6C-6B18DF8090DE}.Release|Any CPU.ActiveCfg = Release|Any CPU
		{BB773484-B30A-477B-8C6C-6B18DF8090DE}.Release|Any CPU.Build.0 = Release|Any CPU
		{49EFD3DA-6007-449F-AB38-2379DDA855BE}.Debug|Any CPU.ActiveCfg = Debug|Any CPU
		{49EFD3DA-6007-449F-AB38-2379DDA855BE}.Debug|Any CPU.Build.0 = Debug|Any CPU
		{49EFD3DA-6007-449F-AB38-2379DDA855BE}.Release|Any CPU.ActiveCfg = Release|Any CPU
		{49EFD3DA-6007-449F-AB38-2379DDA855BE}.Release|Any CPU.Build.0 = Release|Any CPU
		{E5C65AE1-AC7F-405D-A43D-170292F1F18D}.Debug|Any CPU.ActiveCfg = Debug|Any CPU
		{E5C65AE1-AC7F-405D-A43D-170292F1F18D}.Debug|Any CPU.Build.0 = Debug|Any CPU
		{E5C65AE1-AC7F-405D-A43D-170292F1F18D}.Release|Any CPU.ActiveCfg = Release|Any CPU
		{E5C65AE1-AC7F-405D-A43D-170292F1F18D}.Release|Any CPU.Build.0 = Release|Any CPU
		{39B47286-B0CB-4C55-BE4D-2FCA17A3C2AA}.Debug|Any CPU.ActiveCfg = Debug|Any CPU
		{39B47286-B0CB-4C55-BE4D-2FCA17A3C2AA}.Debug|Any CPU.Build.0 = Debug|Any CPU
		{39B47286-B0CB-4C55-BE4D-2FCA17A3C2AA}.Release|Any CPU.ActiveCfg = Release|Any CPU
		{39B47286-B0CB-4C55-BE4D-2FCA17A3C2AA}.Release|Any CPU.Build.0 = Release|Any CPU
	EndGlobalSection
	GlobalSection(SolutionProperties) = preSolution
		HideSolutionNode = FALSE
	EndGlobalSection
	GlobalSection(NestedProjects) = preSolution
		{B7121636-A9A2-4E9D-AF7A-085C5FA67DB6} = {7F6A3AD7-32DA-467C-9420-4188DBBA0A81}
		{BB773484-B30A-477B-8C6C-6B18DF8090DE} = {7F6A3AD7-32DA-467C-9420-4188DBBA0A81}
		{49EFD3DA-6007-449F-AB38-2379DDA855BE} = {92AE7149-1B7B-4E76-949D-217BF8178C2E}
		{E5C65AE1-AC7F-405D-A43D-170292F1F18D} = {7F6A3AD7-32DA-467C-9420-4188DBBA0A81}
		{39B47286-B0CB-4C55-BE4D-2FCA17A3C2AA} = {7F6A3AD7-32DA-467C-9420-4188DBBA0A81}
	EndGlobalSection
	GlobalSection(ExtensibilityGlobals) = postSolution
		SolutionGuid = {92DBC5A8-2F8C-49C1-ADDC-D7AF97BE0934}
	EndGlobalSection
EndGlobal
